{
  "name": "Textrude",
  "lockfileVersion": 3,
  "requires": true,
  "packages": {
    "": {
      "dependencies": {
        "@kusto/monaco-kusto": "^12.0.5"
      }
    },
    "node_modules/@babel/runtime-corejs3": {
      "version": "7.25.0",
      "resolved": "https://registry.npmjs.org/@babel/runtime-corejs3/-/runtime-corejs3-7.25.0.tgz",
      "integrity": "sha512-BOehWE7MgQ8W8Qn0CQnMtg2tHPHPulcS/5AVpFvs2KCK1ET+0WqZqPvnpRpFN81gYoFopdIEJX9Sgjw3ZBccPg==",
      "dependencies": {
        "core-js-pure": "^3.30.2",
        "regenerator-runtime": "^0.14.0"
      },
      "engines": {
        "node": ">=6.9.0"
      }
    },
    "node_modules/@kusto/language-service": {
      "version": "0.0.279",
      "resolved": "https://registry.npmjs.org/@kusto/language-service/-/language-service-0.0.279.tgz",
      "integrity": "sha512-YIM6cfJThRQg4eX9zAD8dn8h1oTdHcQN+66hGeAsYLMo4mF9Tr4llCqVWQoRqtaC5uMafA7TdXk0rkfCyozgmA=="
    },
    "node_modules/@kusto/language-service-next": {
      "version": "11.6.1",
      "resolved": "https://registry.npmjs.org/@kusto/language-service-next/-/language-service-next-11.6.1.tgz",
      "integrity": "sha512-Md3nZZJ4X2aeqELdTyvPe65d+Eer8Nyqmrqtybtl0u0f545P6UP4IIr6/HdmGkRR+cpOvTaysLekJgw3/zNjhA=="
    },
    "node_modules/@kusto/monaco-kusto": {
      "version": "12.0.5",
      "resolved": "https://registry.npmjs.org/@kusto/monaco-kusto/-/monaco-kusto-12.0.5.tgz",
      "integrity": "sha512-/TB+Q7yOLa22WzdAYpS6OEW0zC8KvRTeJGId3cnjXcxE1aqYzyYeRdz+hhL/ud9mwLNx3nmUzUcolsnELi2sMw==",
      "dependencies": {
        "@kusto/language-service": "0.0.279",
        "@kusto/language-service-next": "11.6.1",
        "lodash-es": "^4.17.21",
        "vscode-languageserver-types": "^3.17.4",
        "xregexp": "^5.1.1"
      },
      "bin": {
        "copyMonacoFilesAMD": "copyMonacoFilesAMD.js"
      },
      "peerDependencies": {
        "monaco-editor": "0.49.0"
      }
    },
    "node_modules/core-js-pure": {
      "version": "3.38.1",
      "resolved": "https://registry.npmjs.org/core-js-pure/-/core-js-pure-3.38.1.tgz",
      "integrity": "sha512-BY8Etc1FZqdw1glX0XNOq2FDwfrg/VGqoZOZCdaL+UmdaqDwQwYXkMJT4t6In+zfEfOJDcM9T0KdbBeJg8KKCQ==",
      "hasInstallScript": true,
      "funding": {
        "type": "opencollective",
        "url": "https://opencollective.com/core-js"
      }
    },
    "node_modules/lodash-es": {
      "version": "4.17.21",
      "resolved": "https://registry.npmjs.org/lodash-es/-/lodash-es-4.17.21.tgz",
      "integrity": "sha512-mKnC+QJ9pWVzv+C4/U3rRsHapFfHvQFoFB92e52xeyGMcX6/OlIl78je1u8vePzYZSkkogMPJ2yjxxsb89cxyw=="
    },
    "node_modules/monaco-editor": {
      "version": "0.49.0",
      "resolved": "https://registry.npmjs.org/monaco-editor/-/monaco-editor-0.49.0.tgz",
      "integrity": "sha512-2I8/T3X/hLxB2oPHgqcNYUVdA/ZEFShT7IAujifIPMfKkNbLOqY8XCoyHCXrsdjb36dW9MwoTwBCFpXKMwNwaQ==",
      "peer": true
    },
    "node_modules/regenerator-runtime": {
      "version": "0.14.1",
      "resolved": "https://registry.npmjs.org/regenerator-runtime/-/regenerator-runtime-0.14.1.tgz",
      "integrity": "sha512-dYnhHh0nJoMfnkZs6GmmhFknAGRrLznOu5nc9ML+EJxGvrx6H7teuevqVqCuPcPK//3eDrrjQhehXVx9cnkGdw=="
    },
    "node_modules/vscode-languageserver-types": {
      "version": "3.17.5",
      "resolved": "https://registry.npmjs.org/vscode-languageserver-types/-/vscode-languageserver-types-3.17.5.tgz",
      "integrity": "sha512-Ld1VelNuX9pdF39h2Hgaeb5hEZM2Z3jUrrMgWQAu82jMtZp7p3vJT3BzToKtZI7NgQssZje5o0zryOrhQvzQAg=="
    },
    "node_modules/xregexp": {
      "version": "5.1.1",
      "resolved": "https://registry.npmjs.org/xregexp/-/xregexp-5.1.1.tgz",
      "integrity": "sha512-fKXeVorD+CzWvFs7VBuKTYIW63YD1e1osxwQ8caZ6o1jg6pDAbABDG54LCIq0j5cy7PjRvGIq6sef9DYPXpncg==",
      "dependencies": {
        "@babel/runtime-corejs3": "^7.16.5"
      }
    }
  }
}
