
Microsoft Visual Studio Solution File, Format Version 12.00
# Visual Studio Version 16
VisualStudioVersion = 16.0.30803.129
MinimumVisualStudioVersion = 10.0.40219.1
Project("{9A19103F-16F7-4668-BE54-9A1E7A4F7556}") = "Textrude", "Textrude\Textrude.csproj", "{8DB957AF-0BF3-4839-9B06-8CECF0F8318F}"
EndProject
Project("{9A19103F-16F7-4668-BE54-9A1E7A4F7556}") = "Engine", "Engine\Engine.csproj", "{CABE153F-01F5-40DC-BE31-AEB034B507BA}"
EndProject
Project("{9A19103F-16F7-4668-BE54-9A1E7A4F7556}") = "Tests", "Tests\Tests.csproj", "{CDD6387D-7C6C-4424-9F6B-FA0ACFD54DB3}"
EndProject
Project("{9A19103F-16F7-4668-BE54-9A1E7A4F7556}") = "TextrudeInteractive", "TextrudeInteractive\TextrudeInteractive.csproj", "{1DDF535E-A8A0-4C2D-889B-72B5CDA5DDE4}"
EndProject
Project("{2150E333-8FDC-42A3-9474-1A3956D46DE8}") = "doc", "doc", "{69945C04-7A0A-4643-9B89-C03AFC72D707}"
	ProjectSection(SolutionItems) = preProject
		doc\buildSystemIntegration.md = doc\buildSystemIntegration.md
		doc\builtIns.md = doc\builtIns.md
		doc\changelist.json = doc\changelist.json
		doc\environmentAndDefinitions.md = doc\environmentAndDefinitions.md
		doc\gettingStarted.md = doc\gettingStarted.md
		doc\lib.md = doc\lib.md
		doc\multiModel.md = doc\multiModel.md
		README.md = README.md
		doc\userLibrary.md = doc\userLibrary.md
	EndProjectSection
EndProject
Project("{9A19103F-16F7-4668-BE54-9A1E7A4F7556}") = "SharedApplication", "SharedApplication\SharedApplication.csproj", "{AF646DF2-B431-4DB5-9DAD-B54D31216ACB}"
EndProject
Project("{9A19103F-16F7-4668-BE54-9A1E7A4F7556}") = "ScriptLibrary", "ScriptLibrary\ScriptLibrary.csproj", "{B82D3016-E1F3-42E1-87B8-2BF1310FBE48}"
EndProject
Project("{2150E333-8FDC-42A3-9474-1A3956D46DE8}") = "Solution Items", "Solution Items", "{9FBD6430-C7F0-4D07-974C-EBEB5EB962C2}"
	ProjectSection(SolutionItems) = preProject
		build.cake = build.cake
	EndProjectSection
EndProject
Global
	GlobalSection(SolutionConfigurationPlatforms) = preSolution
		Debug|Any CPU = Debug|Any CPU
		Linux-Debug|Any CPU = Linux-Debug|Any CPU
		Release|Any CPU = Release|Any CPU
	EndGlobalSection
	GlobalSection(ProjectConfigurationPlatforms) = postSolution
		{8DB957AF-0BF3-4839-9B06-8CECF0F8318F}.Debug|Any CPU.ActiveCfg = Debug|Any CPU
		{8DB957AF-0BF3-4839-9B06-8CECF0F8318F}.Debug|Any CPU.Build.0 = Debug|Any CPU
		{8DB957AF-0BF3-4839-9B06-8CECF0F8318F}.Linux-Debug|Any CPU.ActiveCfg = Debug|Any CPU
		{8DB957AF-0BF3-4839-9B06-8CECF0F8318F}.Linux-Debug|Any CPU.Build.0 = Debug|Any CPU
		{8DB957AF-0BF3-4839-9B06-8CECF0F8318F}.Release|Any CPU.ActiveCfg = Release|Any CPU
		{8DB957AF-0BF3-4839-9B06-8CECF0F8318F}.Release|Any CPU.Build.0 = Release|Any CPU
		{CABE153F-01F5-40DC-BE31-AEB034B507BA}.Debug|Any CPU.ActiveCfg = Debug|Any CPU
		{CABE153F-01F5-40DC-BE31-AEB034B507BA}.Debug|Any CPU.Build.0 = Debug|Any CPU
		{CABE153F-01F5-40DC-BE31-AEB034B507BA}.Linux-Debug|Any CPU.ActiveCfg = Debug|Any CPU
		{CABE153F-01F5-40DC-BE31-AEB034B507BA}.Linux-Debug|Any CPU.Build.0 = Debug|Any CPU
		{CABE153F-01F5-40DC-BE31-AEB034B507BA}.Release|Any CPU.ActiveCfg = Release|Any CPU
		{CABE153F-01F5-40DC-BE31-AEB034B507BA}.Release|Any CPU.Build.0 = Release|Any CPU
		{CDD6387D-7C6C-4424-9F6B-FA0ACFD54DB3}.Debug|Any CPU.ActiveCfg = Debug|Any CPU
		{CDD6387D-7C6C-4424-9F6B-FA0ACFD54DB3}.Debug|Any CPU.Build.0 = Debug|Any CPU
		{CDD6387D-7C6C-4424-9F6B-FA0ACFD54DB3}.Linux-Debug|Any CPU.ActiveCfg = Debug|Any CPU
		{CDD6387D-7C6C-4424-9F6B-FA0ACFD54DB3}.Linux-Debug|Any CPU.Build.0 = Debug|Any CPU
		{CDD6387D-7C6C-4424-9F6B-FA0ACFD54DB3}.Release|Any CPU.ActiveCfg = Release|Any CPU
		{CDD6387D-7C6C-4424-9F6B-FA0ACFD54DB3}.Release|Any CPU.Build.0 = Release|Any CPU
		{1DDF535E-A8A0-4C2D-889B-72B5CDA5DDE4}.Debug|Any CPU.ActiveCfg = Debug|Any CPU
		{1DDF535E-A8A0-4C2D-889B-72B5CDA5DDE4}.Debug|Any CPU.Build.0 = Debug|Any CPU
		{1DDF535E-A8A0-4C2D-889B-72B5CDA5DDE4}.Linux-Debug|Any CPU.ActiveCfg = Debug|Any CPU
		{1DDF535E-A8A0-4C2D-889B-72B5CDA5DDE4}.Release|Any CPU.ActiveCfg = Release|Any CPU
		{1DDF535E-A8A0-4C2D-889B-72B5CDA5DDE4}.Release|Any CPU.Build.0 = Release|Any CPU
		{AF646DF2-B431-4DB5-9DAD-B54D31216ACB}.Debug|Any CPU.ActiveCfg = Debug|Any CPU
		{AF646DF2-B431-4DB5-9DAD-B54D31216ACB}.Debug|Any CPU.Build.0 = Debug|Any CPU
		{AF646DF2-B431-4DB5-9DAD-B54D31216ACB}.Linux-Debug|Any CPU.ActiveCfg = Debug|Any CPU
		{AF646DF2-B431-4DB5-9DAD-B54D31216ACB}.Linux-Debug|Any CPU.Build.0 = Debug|Any CPU
		{AF646DF2-B431-4DB5-9DAD-B54D31216ACB}.Release|Any CPU.ActiveCfg = Release|Any CPU
		{AF646DF2-B431-4DB5-9DAD-B54D31216ACB}.Release|Any CPU.Build.0 = Release|Any CPU
		{B82D3016-E1F3-42E1-87B8-2BF1310FBE48}.Debug|Any CPU.ActiveCfg = Debug|Any CPU
		{B82D3016-E1F3-42E1-87B8-2BF1310FBE48}.Debug|Any CPU.Build.0 = Debug|Any CPU
		{B82D3016-E1F3-42E1-87B8-2BF1310FBE48}.Linux-Debug|Any CPU.ActiveCfg = Debug|Any CPU
		{B82D3016-E1F3-42E1-87B8-2BF1310FBE48}.Linux-Debug|Any CPU.Build.0 = Debug|Any CPU
		{B82D3016-E1F3-42E1-87B8-2BF1310FBE48}.Release|Any CPU.ActiveCfg = Release|Any CPU
		{B82D3016-E1F3-42E1-87B8-2BF1310FBE48}.Release|Any CPU.Build.0 = Release|Any CPU
	EndGlobalSection
	GlobalSection(SolutionProperties) = preSolution
		HideSolutionNode = FALSE
	EndGlobalSection
	GlobalSection(ExtensibilityGlobals) = postSolution
		SolutionGuid = {57A6CC74-8B87-40FD-8982-02692EF23818}
	EndGlobalSection
EndGlobal
