
Microsoft Visual Studio Solution File, Format Version 12.00
# Visual Studio Version 16
VisualStudioVersion = 16.0.30803.129
MinimumVisualStudioVersion = 10.0.40219.1
Project("{FAE04EC0-301F-11D3-BF4B-00C04F79EFBC}") = "Textrude", "Textrude\Textrude.csproj", "{8DB957AF-0BF3-4839-9B06-8CECF0F8318F}"
EndProject
Global
	GlobalSection(SolutionConfigurationPlatforms) = preSolution
		Debug|Any CPU = Debug|Any CPU
		Release|Any CPU = Release|Any CPU
	EndGlobalSection
	GlobalSection(ProjectConfigurationPlatforms) = postSolution
		{8DB957AF-0BF3-4839-9B06-8CECF0F8318F}.Debug|Any CPU.ActiveCfg = Debug|Any CPU
		{8DB957AF-0BF3-4839-9B06-8CECF0F8318F}.Debug|Any CPU.Build.0 = Debug|Any CPU
		{8DB957AF-0BF3-4839-9B06-8CECF0F8318F}.Release|Any CPU.ActiveCfg = Release|Any CPU
		{8DB957AF-0BF3-4839-9B06-8CECF0F8318F}.Release|Any CPU.Build.0 = Release|Any CPU
	EndGlobalSection
	GlobalSection(SolutionProperties) = preSolution
		HideSolutionNode = FALSE
	EndGlobalSection
	GlobalSection(ExtensibilityGlobals) = postSolution
		SolutionGuid = {57A6CC74-8B87-40FD-8982-02692EF23818}
	EndGlobalSection
EndGlobal
